
Microsoft Visual Studio Solution File, Format Version 12.00
# Visual Studio Version 17
VisualStudioVersion = 17.7.34221.43
MinimumVisualStudioVersion = 10.0.40219.1
Project("{9A19103F-16F7-4668-BE54-9A1E7A4F7556}") = "Core", "Attendence.Core\Core.csproj", "{CCB64339-3404-4E2A-A443-65397D2F89FC}"
EndProject
Project("{9A19103F-16F7-4668-BE54-9A1E7A4F7556}") = "Data", "Attendence.Data\Data.csproj", "{7A5CB9F2-17C0-4544-B582-32511D7F6EC7}"
	ProjectSection(ProjectDependencies) = postProject
		{CCB64339-3404-4E2A-A443-65397D2F89FC} = {CCB64339-3404-4E2A-A443-65397D2F89FC}
	EndProjectSection
EndProject
Project("{9A19103F-16F7-4668-BE54-9A1E7A4F7556}") = "Service", "Attendence.Service\Service.csproj", "{DA000D6D-1489-4D41-97CB-1DBD06988B1C}"
	ProjectSection(ProjectDependencies) = postProject
		{7A5CB9F2-17C0-4544-B582-32511D7F6EC7} = {7A5CB9F2-17C0-4544-B582-32511D7F6EC7}
		{CCB64339-3404-4E2A-A443-65397D2F89FC} = {CCB64339-3404-4E2A-A443-65397D2F89FC}
	EndProjectSection
EndProject
Project("{9A19103F-16F7-4668-BE54-9A1E7A4F7556}") = "AttendenceP", "AttendenceP.API\AttendenceP.csproj", "{3613F99C-8B69-403B-9AF1-88E14DF19824}"
	ProjectSection(ProjectDependencies) = postProject
		{DA000D6D-1489-4D41-97CB-1DBD06988B1C} = {DA000D6D-1489-4D41-97CB-1DBD06988B1C}
	EndProjectSection
EndProject
Global
	GlobalSection(SolutionConfigurationPlatforms) = preSolution
		Debug|Any CPU = Debug|Any CPU
		Release|Any CPU = Release|Any CPU
	EndGlobalSection
	GlobalSection(ProjectConfigurationPlatforms) = postSolution
		{CCB64339-3404-4E2A-A443-65397D2F89FC}.Debug|Any CPU.ActiveCfg = Debug|Any CPU
		{CCB64339-3404-4E2A-A443-65397D2F89FC}.Debug|Any CPU.Build.0 = Debug|Any CPU
		{CCB64339-3404-4E2A-A443-65397D2F89FC}.Release|Any CPU.ActiveCfg = Release|Any CPU
		{CCB64339-3404-4E2A-A443-65397D2F89FC}.Release|Any CPU.Build.0 = Release|Any CPU
		{7A5CB9F2-17C0-4544-B582-32511D7F6EC7}.Debug|Any CPU.ActiveCfg = Debug|Any CPU
		{7A5CB9F2-17C0-4544-B582-32511D7F6EC7}.Debug|Any CPU.Build.0 = Debug|Any CPU
		{7A5CB9F2-17C0-4544-B582-32511D7F6EC7}.Release|Any CPU.ActiveCfg = Release|Any CPU
		{7A5CB9F2-17C0-4544-B582-32511D7F6EC7}.Release|Any CPU.Build.0 = Release|Any CPU
		{DA000D6D-1489-4D41-97CB-1DBD06988B1C}.Debug|Any CPU.ActiveCfg = Debug|Any CPU
		{DA000D6D-1489-4D41-97CB-1DBD06988B1C}.Debug|Any CPU.Build.0 = Debug|Any CPU
		{DA000D6D-1489-4D41-97CB-1DBD06988B1C}.Release|Any CPU.ActiveCfg = Release|Any CPU
		{DA000D6D-1489-4D41-97CB-1DBD06988B1C}.Release|Any CPU.Build.0 = Release|Any CPU
		{3613F99C-8B69-403B-9AF1-88E14DF19824}.Debug|Any CPU.ActiveCfg = Debug|Any CPU
		{3613F99C-8B69-403B-9AF1-88E14DF19824}.Debug|Any CPU.Build.0 = Debug|Any CPU
		{3613F99C-8B69-403B-9AF1-88E14DF19824}.Release|Any CPU.ActiveCfg = Release|Any CPU
		{3613F99C-8B69-403B-9AF1-88E14DF19824}.Release|Any CPU.Build.0 = Release|Any CPU
	EndGlobalSection
	GlobalSection(SolutionProperties) = preSolution
		HideSolutionNode = FALSE
	EndGlobalSection
	GlobalSection(ExtensibilityGlobals) = postSolution
		SolutionGuid = {01B57939-BC3E-4F4B-BFDD-D9694AF0736F}
	EndGlobalSection
EndGlobal
